
Microsoft Visual Studio Solution File, Format Version 12.00
# Visual Studio Version 17
VisualStudioVersion = 17.1.32228.430
MinimumVisualStudioVersion = 10.0.40219.1
Project("{2150E333-8FDC-42A3-9474-1A3956D46DE8}") = "Creational", "Creational", "{E5C479F1-F9F1-4562-97BD-73F683251D14}"
EndProject
Project("{9A19103F-16F7-4668-BE54-9A1E7A4F7556}") = "SingletonPattern", "Creational\SingletonPattern\SingletonPattern.csproj", "{75E6D246-4202-44A5-8C77-6ACAF862C745}"
EndProject
Project("{9A19103F-16F7-4668-BE54-9A1E7A4F7556}") = "FactoryPattern", "Creational\FactoryPattern\FactoryPattern.csproj", "{A7B6AEB0-4255-4A38-8B45-A97F6DF61ECD}"
EndProject
Project("{9A19103F-16F7-4668-BE54-9A1E7A4F7556}") = "AbstractFactoryPattern", "Creational\AbstractFactoryPattern\AbstractFactoryPattern.csproj", "{0A687DD3-08F7-43E5-8ACB-12428EEA0050}"
EndProject
Project("{9A19103F-16F7-4668-BE54-9A1E7A4F7556}") = "BuilderPattern", "Creational\BuilderPattern\BuilderPattern.csproj", "{C68A0F05-8CD7-42B2-B034-86608853D9D9}"
EndProject
Project("{9A19103F-16F7-4668-BE54-9A1E7A4F7556}") = "PrototypePattern", "Creational\PrototypePattern\PrototypePattern.csproj", "{DCF561CA-2898-48BC-BE37-6805C48A46C2}"
EndProject
Project("{2150E333-8FDC-42A3-9474-1A3956D46DE8}") = "Structural", "Structural", "{332D06C3-EF28-4AD3-9048-FE118C2CF829}"
EndProject
Project("{9A19103F-16F7-4668-BE54-9A1E7A4F7556}") = "AdapterPattern", "Structural\AdapterPattern\AdapterPattern.csproj", "{1F4D7587-101E-4865-B733-F1EA2B0BC455}"
EndProject
Project("{9A19103F-16F7-4668-BE54-9A1E7A4F7556}") = "BridgePattern", "Structural\BridgePattern\BridgePattern.csproj", "{503D7525-9BD0-40E3-917B-181208A9E44A}"
EndProject
Project("{9A19103F-16F7-4668-BE54-9A1E7A4F7556}") = "CompositePattern", "Structural\CompositePattern\CompositePattern.csproj", "{5B9E8546-85DD-4C51-A806-52EBF6D07B94}"
EndProject
Project("{9A19103F-16F7-4668-BE54-9A1E7A4F7556}") = "DecoratorPattern", "Structural\DecoratorPattern\DecoratorPattern.csproj", "{F11787F8-C622-4029-96C7-E32AD42EA9DE}"
EndProject
Project("{2150E333-8FDC-42A3-9474-1A3956D46DE8}") = "Behavioral", "Behavioral", "{1690DD89-ECD7-4FB6-B896-68D3F639E33A}"
EndProject
Project("{9A19103F-16F7-4668-BE54-9A1E7A4F7556}") = "ObserverPattern", "Behavioral\ObserverPattern\ObserverPattern.csproj", "{0DBC71D7-A4E4-4AF1-86F1-A02209748A49}"
EndProject
Project("{FAE04EC0-301F-11D3-BF4B-00C04F79EFBC}") = "StrategyPattern", "Behavioral\StrategyPattern\StrategyPattern.csproj", "{5308F290-C6BD-4847-9F56-32CABF33644A}"
EndProject
Project("{FAE04EC0-301F-11D3-BF4B-00C04F79EFBC}") = "FacadePattern", "FacadePattern\FacadePattern.csproj", "{5AC6827B-D8CE-410A-9216-134BBEA65939}"
EndProject
Global
	GlobalSection(SolutionConfigurationPlatforms) = preSolution
		Debug|Any CPU = Debug|Any CPU
		Release|Any CPU = Release|Any CPU
	EndGlobalSection
	GlobalSection(ProjectConfigurationPlatforms) = postSolution
		{75E6D246-4202-44A5-8C77-6ACAF862C745}.Debug|Any CPU.ActiveCfg = Debug|Any CPU
		{75E6D246-4202-44A5-8C77-6ACAF862C745}.Debug|Any CPU.Build.0 = Debug|Any CPU
		{75E6D246-4202-44A5-8C77-6ACAF862C745}.Release|Any CPU.ActiveCfg = Release|Any CPU
		{75E6D246-4202-44A5-8C77-6ACAF862C745}.Release|Any CPU.Build.0 = Release|Any CPU
		{A7B6AEB0-4255-4A38-8B45-A97F6DF61ECD}.Debug|Any CPU.ActiveCfg = Debug|Any CPU
		{A7B6AEB0-4255-4A38-8B45-A97F6DF61ECD}.Debug|Any CPU.Build.0 = Debug|Any CPU
		{A7B6AEB0-4255-4A38-8B45-A97F6DF61ECD}.Release|Any CPU.ActiveCfg = Release|Any CPU
		{A7B6AEB0-4255-4A38-8B45-A97F6DF61ECD}.Release|Any CPU.Build.0 = Release|Any CPU
		{0A687DD3-08F7-43E5-8ACB-12428EEA0050}.Debug|Any CPU.ActiveCfg = Debug|Any CPU
		{0A687DD3-08F7-43E5-8ACB-12428EEA0050}.Debug|Any CPU.Build.0 = Debug|Any CPU
		{0A687DD3-08F7-43E5-8ACB-12428EEA0050}.Release|Any CPU.ActiveCfg = Release|Any CPU
		{0A687DD3-08F7-43E5-8ACB-12428EEA0050}.Release|Any CPU.Build.0 = Release|Any CPU
		{C68A0F05-8CD7-42B2-B034-86608853D9D9}.Debug|Any CPU.ActiveCfg = Debug|Any CPU
		{C68A0F05-8CD7-42B2-B034-86608853D9D9}.Debug|Any CPU.Build.0 = Debug|Any CPU
		{C68A0F05-8CD7-42B2-B034-86608853D9D9}.Release|Any CPU.ActiveCfg = Release|Any CPU
		{C68A0F05-8CD7-42B2-B034-86608853D9D9}.Release|Any CPU.Build.0 = Release|Any CPU
		{DCF561CA-2898-48BC-BE37-6805C48A46C2}.Debug|Any CPU.ActiveCfg = Debug|Any CPU
		{DCF561CA-2898-48BC-BE37-6805C48A46C2}.Debug|Any CPU.Build.0 = Debug|Any CPU
		{DCF561CA-2898-48BC-BE37-6805C48A46C2}.Release|Any CPU.ActiveCfg = Release|Any CPU
		{DCF561CA-2898-48BC-BE37-6805C48A46C2}.Release|Any CPU.Build.0 = Release|Any CPU
		{1F4D7587-101E-4865-B733-F1EA2B0BC455}.Debug|Any CPU.ActiveCfg = Debug|Any CPU
		{1F4D7587-101E-4865-B733-F1EA2B0BC455}.Debug|Any CPU.Build.0 = Debug|Any CPU
		{1F4D7587-101E-4865-B733-F1EA2B0BC455}.Release|Any CPU.ActiveCfg = Release|Any CPU
		{1F4D7587-101E-4865-B733-F1EA2B0BC455}.Release|Any CPU.Build.0 = Release|Any CPU
		{503D7525-9BD0-40E3-917B-181208A9E44A}.Debug|Any CPU.ActiveCfg = Debug|Any CPU
		{503D7525-9BD0-40E3-917B-181208A9E44A}.Debug|Any CPU.Build.0 = Debug|Any CPU
		{503D7525-9BD0-40E3-917B-181208A9E44A}.Release|Any CPU.ActiveCfg = Release|Any CPU
		{503D7525-9BD0-40E3-917B-181208A9E44A}.Release|Any CPU.Build.0 = Release|Any CPU
		{5B9E8546-85DD-4C51-A806-52EBF6D07B94}.Debug|Any CPU.ActiveCfg = Debug|Any CPU
		{5B9E8546-85DD-4C51-A806-52EBF6D07B94}.Debug|Any CPU.Build.0 = Debug|Any CPU
		{5B9E8546-85DD-4C51-A806-52EBF6D07B94}.Release|Any CPU.ActiveCfg = Release|Any CPU
		{5B9E8546-85DD-4C51-A806-52EBF6D07B94}.Release|Any CPU.Build.0 = Release|Any CPU
		{F11787F8-C622-4029-96C7-E32AD42EA9DE}.Debug|Any CPU.ActiveCfg = Debug|Any CPU
		{F11787F8-C622-4029-96C7-E32AD42EA9DE}.Debug|Any CPU.Build.0 = Debug|Any CPU
		{F11787F8-C622-4029-96C7-E32AD42EA9DE}.Release|Any CPU.ActiveCfg = Release|Any CPU
		{F11787F8-C622-4029-96C7-E32AD42EA9DE}.Release|Any CPU.Build.0 = Release|Any CPU
		{0DBC71D7-A4E4-4AF1-86F1-A02209748A49}.Debug|Any CPU.ActiveCfg = Debug|Any CPU
		{0DBC71D7-A4E4-4AF1-86F1-A02209748A49}.Debug|Any CPU.Build.0 = Debug|Any CPU
		{0DBC71D7-A4E4-4AF1-86F1-A02209748A49}.Release|Any CPU.ActiveCfg = Release|Any CPU
		{0DBC71D7-A4E4-4AF1-86F1-A02209748A49}.Release|Any CPU.Build.0 = Release|Any CPU
		{5308F290-C6BD-4847-9F56-32CABF33644A}.Debug|Any CPU.ActiveCfg = Debug|Any CPU
		{5308F290-C6BD-4847-9F56-32CABF33644A}.Debug|Any CPU.Build.0 = Debug|Any CPU
		{5308F290-C6BD-4847-9F56-32CABF33644A}.Release|Any CPU.ActiveCfg = Release|Any CPU
		{5308F290-C6BD-4847-9F56-32CABF33644A}.Release|Any CPU.Build.0 = Release|Any CPU
		{5AC6827B-D8CE-410A-9216-134BBEA65939}.Debug|Any CPU.ActiveCfg = Debug|Any CPU
		{5AC6827B-D8CE-410A-9216-134BBEA65939}.Debug|Any CPU.Build.0 = Debug|Any CPU
		{5AC6827B-D8CE-410A-9216-134BBEA65939}.Release|Any CPU.ActiveCfg = Release|Any CPU
		{5AC6827B-D8CE-410A-9216-134BBEA65939}.Release|Any CPU.Build.0 = Release|Any CPU
	EndGlobalSection
	GlobalSection(SolutionProperties) = preSolution
		HideSolutionNode = FALSE
	EndGlobalSection
	GlobalSection(NestedProjects) = preSolution
		{75E6D246-4202-44A5-8C77-6ACAF862C745} = {E5C479F1-F9F1-4562-97BD-73F683251D14}
		{A7B6AEB0-4255-4A38-8B45-A97F6DF61ECD} = {E5C479F1-F9F1-4562-97BD-73F683251D14}
		{0A687DD3-08F7-43E5-8ACB-12428EEA0050} = {E5C479F1-F9F1-4562-97BD-73F683251D14}
		{C68A0F05-8CD7-42B2-B034-86608853D9D9} = {E5C479F1-F9F1-4562-97BD-73F683251D14}
		{DCF561CA-2898-48BC-BE37-6805C48A46C2} = {E5C479F1-F9F1-4562-97BD-73F683251D14}
		{1F4D7587-101E-4865-B733-F1EA2B0BC455} = {332D06C3-EF28-4AD3-9048-FE118C2CF829}
		{503D7525-9BD0-40E3-917B-181208A9E44A} = {332D06C3-EF28-4AD3-9048-FE118C2CF829}
		{5B9E8546-85DD-4C51-A806-52EBF6D07B94} = {332D06C3-EF28-4AD3-9048-FE118C2CF829}
		{F11787F8-C622-4029-96C7-E32AD42EA9DE} = {332D06C3-EF28-4AD3-9048-FE118C2CF829}
		{0DBC71D7-A4E4-4AF1-86F1-A02209748A49} = {1690DD89-ECD7-4FB6-B896-68D3F639E33A}
		{5308F290-C6BD-4847-9F56-32CABF33644A} = {1690DD89-ECD7-4FB6-B896-68D3F639E33A}
		{5AC6827B-D8CE-410A-9216-134BBEA65939} = {332D06C3-EF28-4AD3-9048-FE118C2CF829}
	EndGlobalSection
	GlobalSection(ExtensibilityGlobals) = postSolution
		SolutionGuid = {D45F9E57-8367-4DBA-AA2A-148B77AC0E9E}
	EndGlobalSection
EndGlobal
